<?xml version="1.0" encoding="utf-8"?>
<Project ToolsVersion="4.0" xmlns="http://schemas.microsoft.com/developer/msbuild/2003">
  <ItemGroup>
    <Filter Include="photophile">
      <UniqueIdentifier>{30426ccc-bbde-4c18-9375-bd59e9763828}</UniqueIdentifier>
    </Filter>
    <Filter Include="common">
      <UniqueIdentifier>{e857c49c-95f4-405f-bcc9-d273f628817a}</UniqueIdentifier>
    </Filter>
    <Filter Include="server">
      <UniqueIdentifier>{ec75eb16-70d2-488e-8102-d9e66bbcbd9b}</UniqueIdentifier>
    </Filter>
    <Filter Include="SUIP">
      <UniqueIdentifier>{d31475a6-1b8e-4ddc-8594-3067ffcf3632}</UniqueIdentifier>
    </Filter>
    <Filter Include="mtMind">
      <UniqueIdentifier>{3a61f6fb-e585-4377-b728-f70de6b2fed0}</UniqueIdentifier>
    </Filter>
    <Filter Include="Classifist">
      <UniqueIdentifier>{f7a9c48f-aecd-43f5-b8c1-19909cacc156}</UniqueIdentifier>
    </Filter>
    <Filter Include="BeltBuckleInterface">
      <UniqueIdentifier>{bc095c68-f0e8-4889-a321-033f7eded61d}</UniqueIdentifier>
    </Filter>
    <Filter Include="FileWriter">
      <UniqueIdentifier>{53e41aa1-d034-4696-b8c1-af6173d6a2b2}</UniqueIdentifier>
    </Filter>
  </ItemGroup>
  <ItemGroup>
    <ClCompile Include="src\photophile\photophile.cpp">
      <Filter>photophile</Filter>
    </ClCompile>
    <ClCompile Include="src\common\ss_classes.cpp">
      <Filter>common</Filter>
    </ClCompile>
    <ClCompile Include="src\server\server.cpp">
      <Filter>server</Filter>
    </ClCompile>
    <ClCompile Include="src\mt_mind\mt_mind.cpp">
      <Filter>mtMind</Filter>
    </ClCompile>
    <ClCompile Include="src\suip\suip.cpp">
      <Filter>SUIP</Filter>
    </ClCompile>
    <ClCompile Include="src\server\main.cpp">
      <Filter>server</Filter>
    </ClCompile>
    <ClCompile Include="src\classifist\Classifist.cpp">
      <Filter>Classifist</Filter>
    </ClCompile>
    <ClCompile Include="src\belt_buckle_interface\BeltBuckle.cpp">
      <Filter>BeltBuckleInterface</Filter>
    </ClCompile>
    <ClCompile Include="include\RS232\rs232.c">
      <Filter>BeltBuckleInterface</Filter>
    </ClCompile>
    <ClCompile Include="src\FileWriter\FileWriter.cpp">
      <Filter>FileWriter</Filter>
    </ClCompile>
  </ItemGroup>
  <ItemGroup>
    <ClInclude Include="src\photophile\photophile.h">
      <Filter>photophile</Filter>
    </ClInclude>
    <ClInclude Include="src\common\ss_classes.h">
      <Filter>common</Filter>
    </ClInclude>
    <ClInclude Include="src\server\server.h">
      <Filter>server</Filter>
    </ClInclude>
    <ClInclude Include="src\mt_mind\mt_mind.h">
      <Filter>mtMind</Filter>
    </ClInclude>
    <ClInclude Include="src\classifist\Classifist.h">
      <Filter>Classifist</Filter>
    </ClInclude>
    <ClInclude Include="src\belt_buckle_interface\BeltBuckle.h">
      <Filter>BeltBuckleInterface</Filter>
    </ClInclude>
    <ClInclude Include="src\common\bb_utils.h">
      <Filter>common</Filter>
    </ClInclude>
    <ClInclude Include="src\FileWriter\FileWriter.h">
      <Filter>FileWriter</Filter>
    </ClInclude>
  </ItemGroup>
  <ItemGroup>
    <None Include="src\photophile\taxidermist.py">
      <Filter>photophile</Filter>
    </None>
  </ItemGroup>
  <ItemGroup>
    <QtMoc Include="src\suip\suip.h">
      <Filter>SUIP</Filter>
    </QtMoc>
  </ItemGroup>
</Project>