
Microsoft Visual Studio Solution File, Format Version 12.00
# Visual Studio Version 16
VisualStudioVersion = 16.0.30611.23
MinimumVisualStudioVersion = 10.0.40219.1
Project("{8BC9CEB8-8B4A-11D0-8D11-00A0C91BC942}") = "QtApplication1", "QtApplication1.vcxproj", "{D6F56FFA-8C6D-4C0E-B27E-F343B9EE8617}"
EndProject
Global
	GlobalSection(SolutionConfigurationPlatforms) = preSolution
		Debug|x64 = Debug|x64
		Release|x64 = Release|x64
	EndGlobalSection
	GlobalSection(ProjectConfigurationPlatforms) = postSolution
		{D6F56FFA-8C6D-4C0E-B27E-F343B9EE8617}.Debug|x64.ActiveCfg = Debug|x64
		{D6F56FFA-8C6D-4C0E-B27E-F343B9EE8617}.Debug|x64.Build.0 = Debug|x64
		{D6F56FFA-8C6D-4C0E-B27E-F343B9EE8617}.Release|x64.ActiveCfg = Release|x64
		{D6F56FFA-8C6D-4C0E-B27E-F343B9EE8617}.Release|x64.Build.0 = Release|x64
	EndGlobalSection
	GlobalSection(SolutionProperties) = preSolution
		HideSolutionNode = FALSE
	EndGlobalSection
	GlobalSection(ExtensibilityGlobals) = postSolution
		SolutionGuid = {F3B44415-7B11-4544-BEEE-AA4E8F6718D6}
	EndGlobalSection
EndGlobal
